
Microsoft Visual Studio Solution File, Format Version 12.00
# Visual Studio 2015
Project("{FAE04EC0-301F-11D3-BF4B-00C04F79EFBC}") = "drawing-demo.CSharp.Plugins", "drawing-demo.CSharp.Plugins.csproj", "{EBF298FD-B9CF-0903-1DF5-150163A7D841}"
EndProject
Project("{FAE04EC0-301F-11D3-BF4B-00C04F79EFBC}") = "drawing-demo.CSharp", "drawing-demo.CSharp.csproj", "{8B611D83-E83D-A5AD-42B8-020960508A5C}"
EndProject
Project("{FAE04EC0-301F-11D3-BF4B-00C04F79EFBC}") = "drawing-demo.CSharp.Editor", "drawing-demo.CSharp.Editor.csproj", "{7F3A3F87-96D6-408A-0868-E8E57E993454}"
EndProject
Global
	GlobalSection(SolutionConfigurationPlatforms) = preSolution
		Debug|Any CPU = Debug|Any CPU
		Release|Any CPU = Release|Any CPU
	EndGlobalSection
	GlobalSection(ProjectConfigurationPlatforms) = postSolution
		{EBF298FD-B9CF-0903-1DF5-150163A7D841}.Debug|Any CPU.ActiveCfg = Debug|Any CPU
		{EBF298FD-B9CF-0903-1DF5-150163A7D841}.Debug|Any CPU.Build.0 = Debug|Any CPU
		{EBF298FD-B9CF-0903-1DF5-150163A7D841}.Release|Any CPU.ActiveCfg = Release|Any CPU
		{EBF298FD-B9CF-0903-1DF5-150163A7D841}.Release|Any CPU.Build.0 = Release|Any CPU
		{8B611D83-E83D-A5AD-42B8-020960508A5C}.Debug|Any CPU.ActiveCfg = Debug|Any CPU
		{8B611D83-E83D-A5AD-42B8-020960508A5C}.Debug|Any CPU.Build.0 = Debug|Any CPU
		{8B611D83-E83D-A5AD-42B8-020960508A5C}.Release|Any CPU.ActiveCfg = Release|Any CPU
		{8B611D83-E83D-A5AD-42B8-020960508A5C}.Release|Any CPU.Build.0 = Release|Any CPU
		{7F3A3F87-96D6-408A-0868-E8E57E993454}.Debug|Any CPU.ActiveCfg = Debug|Any CPU
		{7F3A3F87-96D6-408A-0868-E8E57E993454}.Debug|Any CPU.Build.0 = Debug|Any CPU
		{7F3A3F87-96D6-408A-0868-E8E57E993454}.Release|Any CPU.ActiveCfg = Release|Any CPU
		{7F3A3F87-96D6-408A-0868-E8E57E993454}.Release|Any CPU.Build.0 = Release|Any CPU
	EndGlobalSection
	GlobalSection(SolutionProperties) = preSolution
		HideSolutionNode = FALSE
	EndGlobalSection
EndGlobal
